
Microsoft Visual Studio Solution File, Format Version 12.00
# Visual Studio Version 17
VisualStudioVersion = 17.4.33205.214
MinimumVisualStudioVersion = 10.0.40219.1
Project("{FAE04EC0-301F-11D3-BF4B-00C04F79EFBC}") = "HotelListing.API", "HotelListing.API\HotelListing.API.csproj", "{4DFE2517-FA58-4AD8-9714-DBBDF1C8608B}"
EndProject
Global
	GlobalSection(SolutionConfigurationPlatforms) = preSolution
		Debug|Any CPU = Debug|Any CPU
		Release|Any CPU = Release|Any CPU
	EndGlobalSection
	GlobalSection(ProjectConfigurationPlatforms) = postSolution
		{4DFE2517-FA58-4AD8-9714-DBBDF1C8608B}.Debug|Any CPU.ActiveCfg = Debug|Any CPU
		{4DFE2517-FA58-4AD8-9714-DBBDF1C8608B}.Debug|Any CPU.Build.0 = Debug|Any CPU
		{4DFE2517-FA58-4AD8-9714-DBBDF1C8608B}.Release|Any CPU.ActiveCfg = Release|Any CPU
		{4DFE2517-FA58-4AD8-9714-DBBDF1C8608B}.Release|Any CPU.Build.0 = Release|Any CPU
	EndGlobalSection
	GlobalSection(SolutionProperties) = preSolution
		HideSolutionNode = FALSE
	EndGlobalSection
	GlobalSection(ExtensibilityGlobals) = postSolution
		SolutionGuid = {59A07A02-17EC-4296-AF4C-6DA720FBDCF9}
	EndGlobalSection
EndGlobal
